# This file is automatically @generated by Cargo.
# It is not intended for manual editing.
version = 4

[[package]]
name = "arrayvec"
version = "0.7.6"
source = "registry+https://github.com/rust-lang/crates.io-index"
checksum = "7c02d123df017efcdfbd739ef81735b36c5ba83ec3c59c80a9d7ecc718f92e50"

[[package]]
name = "bitflags"
version = "1.3.2"
source = "registry+https://github.com/rust-lang/crates.io-index"
checksum = "bef38d45163c2f1dde094a7dfd33ccf595c92905c8f8f4fdc18d06fb1037718a"

[[package]]
name = "block-buffer"
version = "0.10.4"
source = "registry+https://github.com/rust-lang/crates.io-index"
checksum = "3078c7629b62d3f0439517fa394996acacc5cbc91c5a20d8c658e77abd503a71"
dependencies = [
 "generic-array",
]

[[package]]
name = "byte-slice-cast"
version = "1.2.3"
source = "registry+https://github.com/rust-lang/crates.io-index"
checksum = "7575182f7272186991736b70173b0ea045398f984bf5ebbb3804736ce1330c9d"

[[package]]
name = "byteorder"
version = "1.5.0"
source = "registry+https://github.com/rust-lang/crates.io-index"
checksum = "1fd0f2584146f6f2ef48085050886acf353beff7305ebd1ae69500e27c67f64b"

[[package]]
name = "cfg-if"
version = "1.0.4"
source = "registry+https://github.com/rust-lang/crates.io-index"
checksum = "9330f8b2ff13f34540b44e946ef35111825727b38d33286ef986142615121801"

[[package]]
name = "const_format"
version = "0.2.35"
source = "registry+https://github.com/rust-lang/crates.io-index"
checksum = "7faa7469a93a566e9ccc1c73fe783b4a65c274c5ace346038dca9c39fe0030ad"
dependencies = [
 "const_format_proc_macros",
]

[[package]]
name = "const_format_proc_macros"
version = "0.2.34"
source = "registry+https://github.com/rust-lang/crates.io-index"
checksum = "1d57c2eccfb16dbac1f4e61e206105db5820c9d26c3c472bc17c774259ef7744"
dependencies = [
 "proc-macro2",
 "quote",
 "unicode-xid",
]

[[package]]
name = "cpufeatures"
version = "0.2.17"
source = "registry+https://github.com/rust-lang/crates.io-index"
checksum = "59ed5838eebb26a2bb2e58f6d5b5316989ae9d08bab10e0e6d103e656d1b0280"
dependencies = [
 "libc",
]

[[package]]
name = "crunchy"
version = "0.2.4"
source = "registry+https://github.com/rust-lang/crates.io-index"
checksum = "460fbee9c2c2f33933d720630a6a0bac33ba7053db5344fac858d4b8952d77d5"

[[package]]
name = "crypto-common"
version = "0.1.7"
source = "registry+https://github.com/rust-lang/crates.io-index"
checksum = "78c8292055d1c1df0cce5d180393dc8cce0abec0a7102adb6c7b1eef6016d60a"
dependencies = [
 "generic-array",
 "typenum",
]

[[package]]
name = "derive_more"
version = "1.0.0"
source = "registry+https://github.com/rust-lang/crates.io-index"
checksum = "4a9b99b9cbbe49445b21764dc0625032a89b145a2642e67603e1c936f5458d05"
dependencies = [
 "derive_more-impl",
]

[[package]]
name = "derive_more-impl"
version = "1.0.0"
source = "registry+https://github.com/rust-lang/crates.io-index"
checksum = "cb7330aeadfbe296029522e6c40f315320aba36fc43a5b3632f3795348f3bd22"
dependencies = [
 "proc-macro2",
 "quote",
 "syn",
]

[[package]]
name = "digest"
version = "0.10.7"
source = "registry+https://github.com/rust-lang/crates.io-index"
checksum = "9ed9a281f7bc9b7576e61468ba615a66a5c8cfdff42420a70aa82701a3b1e292"
dependencies = [
 "block-buffer",
 "crypto-common",
]

[[package]]
name = "equivalent"
version = "1.0.2"
source = "registry+https://github.com/rust-lang/crates.io-index"
checksum = "877a4ace8713b0bcf2a4e7eec82529c029f1d0619886d18145fea96c3ffe5c0f"

[[package]]
name = "ethabi"
version = "18.0.0"
source = "registry+https://github.com/rust-lang/crates.io-index"
checksum = "7413c5f74cc903ea37386a8965a936cbeb334bd270862fdece542c1b2dcbc898"
dependencies = [
 "ethereum-types",
 "hex",
 "sha3",
]

[[package]]
name = "ethereum-types"
version = "0.14.1"
source = "registry+https://github.com/rust-lang/crates.io-index"
checksum = "02d215cbf040552efcbe99a38372fe80ab9d00268e20012b79fcd0f073edd8ee"
dependencies = [
 "fixed-hash",
 "primitive-types",
 "uint",
]

[[package]]
name = "fixed-hash"
version = "0.8.0"
source = "registry+https://github.com/rust-lang/crates.io-index"
checksum = "835c052cb0c08c1acf6ffd71c022172e18723949c8282f2b9f27efbc51e64534"
dependencies = [
 "byteorder",
 "rustc-hex",
 "static_assertions",
]

[[package]]
name = "generic-array"
version = "0.14.7"
source = "registry+https://github.com/rust-lang/crates.io-index"
checksum = "85649ca51fd72272d7821adaf274ad91c288277713d9c18820d8499a7ff69e9a"
dependencies = [
 "typenum",
 "version_check",
]

[[package]]
name = "hashbrown"
version = "0.16.1"
source = "registry+https://github.com/rust-lang/crates.io-index"
checksum = "841d1cc9bed7f9236f321df977030373f4a4163ae1a7dbfe1a51a2c1a51d9100"

[[package]]
name = "hex"
version = "0.4.3"
source = "registry+https://github.com/rust-lang/crates.io-index"
checksum = "7f24254aa9a54b5c858eaee2f5bccdb46aaf0e486a595ed5fd8f86ba55232a70"

[[package]]
name = "impl-trait-for-tuples"
version = "0.2.3"
source = "registry+https://github.com/rust-lang/crates.io-index"
checksum = "a0eb5a3343abf848c0984fe4604b2b105da9539376e24fc0a3b0007411ae4fd9"
dependencies = [
 "proc-macro2",
 "quote",
 "syn",
]

[[package]]
name = "indexmap"
version = "2.13.0"
source = "registry+https://github.com/rust-lang/crates.io-index"
checksum = "7714e70437a7dc3ac8eb7e6f8df75fd8eb422675fc7678aff7364301092b1017"
dependencies = [
 "equivalent",
 "hashbrown",
]

[[package]]
name = "intran3t-polkavm-contracts"
version = "0.1.0"
dependencies = [
 "ethabi",
 "pallet-revive-uapi",
 "polkavm-derive 0.14.0",
]

[[package]]
name = "keccak"
version = "0.1.5"
source = "registry+https://github.com/rust-lang/crates.io-index"
checksum = "ecc2af9a1119c51f12a14607e783cb977bde58bc069ff0c3da1095e635d70654"
dependencies = [
 "cpufeatures",
]

[[package]]
name = "libc"
version = "0.2.182"
source = "registry+https://github.com/rust-lang/crates.io-index"
checksum = "6800badb6cb2082ffd7b6a67e6125bb39f18782f793520caee8cb8846be06112"

[[package]]
name = "memchr"
version = "2.8.0"
source = "registry+https://github.com/rust-lang/crates.io-index"
checksum = "f8ca58f447f06ed17d5fc4043ce1b10dd205e060fb3ce5b979b8ed8e59ff3f79"

[[package]]
name = "pallet-revive-uapi"
version = "0.1.1"
source = "registry+https://github.com/rust-lang/crates.io-index"
checksum = "ecb4686c8415619cc13e43fadef146ffff46424d9b4d037fe4c069de52708aac"
dependencies = [
 "bitflags",
 "parity-scale-codec",
 "paste",
 "polkavm-derive 0.10.0",
 "scale-info",
]

[[package]]
name = "parity-scale-codec"
version = "3.7.5"
source = "registry+https://github.com/rust-lang/crates.io-index"
checksum = "799781ae679d79a948e13d4824a40970bfa500058d245760dd857301059810fa"
dependencies = [
 "arrayvec",
 "byte-slice-cast",
 "const_format",
 "impl-trait-for-tuples",
 "parity-scale-codec-derive",
 "rustversion",
]

[[package]]
name = "parity-scale-codec-derive"
version = "3.7.5"
source = "registry+https://github.com/rust-lang/crates.io-index"
checksum = "34b4653168b563151153c9e4c08ebed57fb8262bebfa79711552fa983c623e7a"
dependencies = [
 "proc-macro-crate",
 "proc-macro2",
 "quote",
 "syn",
]

[[package]]
name = "paste"
version = "1.0.15"
source = "registry+https://github.com/rust-lang/crates.io-index"
checksum = "57c0d7b74b563b49d38dae00a0c37d4d6de9b432382b2892f0574ddcae73fd0a"

[[package]]
name = "polkavm-common"
version = "0.10.0"
source = "registry+https://github.com/rust-lang/crates.io-index"
checksum = "0097b48bc0bedf9f3f537ce8f37e8f1202d8d83f9b621bdb21ff2c59b9097c50"

[[package]]
name = "polkavm-common"
version = "0.14.0"
source = "registry+https://github.com/rust-lang/crates.io-index"
checksum = "711952a783e9c5ad407cdacb1ed147f36d37c5d43417c1091d86456d2999417b"

[[package]]
name = "polkavm-derive"
version = "0.10.0"
source = "registry+https://github.com/rust-lang/crates.io-index"
checksum = "0dcc701385c08c31bdb0569f0c51a290c580d892fa77f1dd88a7352a62679ecf"
dependencies = [
 "polkavm-derive-impl-macro 0.10.0",
]

[[package]]
name = "polkavm-derive"
version = "0.14.0"
source = "registry+https://github.com/rust-lang/crates.io-index"
checksum = "b4832a0aebf6cefc988bb7b2d74ea8c86c983164672e2fc96300f356a1babfc1"
dependencies = [
 "polkavm-derive-impl-macro 0.14.0",
]

[[package]]
name = "polkavm-derive-impl"
version = "0.10.0"
source = "registry+https://github.com/rust-lang/crates.io-index"
checksum = "7855353a5a783dd5d09e3b915474bddf66575f5a3cf45dec8d1c5e051ba320dc"
dependencies = [
 "polkavm-common 0.10.0",
 "proc-macro2",
 "quote",
 "syn",
]

[[package]]
name = "polkavm-derive-impl"
version = "0.14.0"
source = "registry+https://github.com/rust-lang/crates.io-index"
checksum = "e339fc7c11310fe5adf711d9342278ac44a75c9784947937cce12bd4f30842f2"
dependencies = [
 "polkavm-common 0.14.0",
 "proc-macro2",
 "quote",
 "syn",
]

[[package]]
name = "polkavm-derive-impl-macro"
version = "0.10.0"
source = "registry+https://github.com/rust-lang/crates.io-index"
checksum = "9324fe036de37c17829af233b46ef6b5562d4a0c09bb7fdb9f8378856dee30cf"
dependencies = [
 "polkavm-derive-impl 0.10.0",
 "syn",
]

[[package]]
name = "polkavm-derive-impl-macro"
version = "0.14.0"
source = "registry+https://github.com/rust-lang/crates.io-index"
checksum = "b569754b15060d03000c09e3bf11509d527f60b75d79b4c30c3625b5071d9702"
dependencies = [
 "polkavm-derive-impl 0.14.0",
 "syn",
]

[[package]]
name = "primitive-types"
version = "0.12.2"
source = "registry+https://github.com/rust-lang/crates.io-index"
checksum = "0b34d9fd68ae0b74a41b21c03c2f62847aa0ffea044eee893b4c140b37e244e2"
dependencies = [
 "fixed-hash",
 "uint",
]

[[package]]
name = "proc-macro-crate"
version = "3.4.0"
source = "registry+https://github.com/rust-lang/crates.io-index"
checksum = "219cb19e96be00ab2e37d6e299658a0cfa83e52429179969b0f0121b4ac46983"
dependencies = [
 "toml_edit",
]

[[package]]
name = "proc-macro2"
version = "1.0.106"
source = "registry+https://github.com/rust-lang/crates.io-index"
checksum = "8fd00f0bb2e90d81d1044c2b32617f68fcb9fa3bb7640c23e9c748e53fb30934"
dependencies = [
 "unicode-ident",
]

[[package]]
name = "quote"
version = "1.0.44"
source = "registry+https://github.com/rust-lang/crates.io-index"
checksum = "21b2ebcf727b7760c461f091f9f0f539b77b8e87f2fd88131e7f1b433b3cece4"
dependencies = [
 "proc-macro2",
]

[[package]]
name = "rustc-hex"
version = "2.1.0"
source = "registry+https://github.com/rust-lang/crates.io-index"
checksum = "3e75f6a532d0fd9f7f13144f392b6ad56a32696bfcd9c78f797f16bbb6f072d6"

[[package]]
name = "rustversion"
version = "1.0.22"
source = "registry+https://github.com/rust-lang/crates.io-index"
checksum = "b39cdef0fa800fc44525c84ccb54a029961a8215f9619753635a9c0d2538d46d"

[[package]]
name = "scale-info"
version = "2.11.6"
source = "registry+https://github.com/rust-lang/crates.io-index"
checksum = "346a3b32eba2640d17a9cb5927056b08f3de90f65b72fe09402c2ad07d684d0b"
dependencies = [
 "cfg-if",
 "derive_more",
 "parity-scale-codec",
 "scale-info-derive",
]

[[package]]
name = "scale-info-derive"
version = "2.11.6"
source = "registry+https://github.com/rust-lang/crates.io-index"
checksum = "c6630024bf739e2179b91fb424b28898baf819414262c5d376677dbff1fe7ebf"
dependencies = [
 "proc-macro-crate",
 "proc-macro2",
 "quote",
 "syn",
]

[[package]]
name = "serde_core"
version = "1.0.228"
source = "registry+https://github.com/rust-lang/crates.io-index"
checksum = "41d385c7d4ca58e59fc732af25c3983b67ac852c1a25000afe1175de458b67ad"
dependencies = [
 "serde_derive",
]

[[package]]
name = "serde_derive"
version = "1.0.228"
source = "registry+https://github.com/rust-lang/crates.io-index"
checksum = "d540f220d3187173da220f885ab66608367b6574e925011a9353e4badda91d79"
dependencies = [
 "proc-macro2",
 "quote",
 "syn",
]

[[package]]
name = "sha3"
version = "0.10.8"
source = "registry+https://github.com/rust-lang/crates.io-index"
checksum = "75872d278a8f37ef87fa0ddbda7802605cb18344497949862c0d4dcb291eba60"
dependencies = [
 "digest",
 "keccak",
]

[[package]]
name = "static_assertions"
version = "1.1.0"
source = "registry+https://github.com/rust-lang/crates.io-index"
checksum = "a2eb9349b6444b326872e140eb1cf5e7c522154d69e7a0ffb0fb81c06b37543f"

[[package]]
name = "syn"
version = "2.0.115"
source = "registry+https://github.com/rust-lang/crates.io-index"
checksum = "6e614ed320ac28113fa64972c4262d5dbc89deacdfd00c34a3e4cea073243c12"
dependencies = [
 "proc-macro2",
 "quote",
 "unicode-ident",
]

[[package]]
name = "toml_datetime"
version = "0.7.5+spec-1.1.0"
source = "registry+https://github.com/rust-lang/crates.io-index"
checksum = "92e1cfed4a3038bc5a127e35a2d360f145e1f4b971b551a2ba5fd7aedf7e1347"
dependencies = [
 "serde_core",
]

[[package]]
name = "toml_edit"
version = "0.23.10+spec-1.0.0"
source = "registry+https://github.com/rust-lang/crates.io-index"
checksum = "84c8b9f757e028cee9fa244aea147aab2a9ec09d5325a9b01e0a49730c2b5269"
dependencies = [
 "indexmap",
 "toml_datetime",
 "toml_parser",
 "winnow",
]

[[package]]
name = "toml_parser"
version = "1.0.8+spec-1.1.0"
source = "registry+https://github.com/rust-lang/crates.io-index"
checksum = "0742ff5ff03ea7e67c8ae6c93cac239e0d9784833362da3f9a9c1da8dfefcbdc"
dependencies = [
 "winnow",
]

[[package]]
name = "typenum"
version = "1.19.0"
source = "registry+https://github.com/rust-lang/crates.io-index"
checksum = "562d481066bde0658276a35467c4af00bdc6ee726305698a55b86e61d7ad82bb"

[[package]]
name = "uint"
version = "0.9.5"
source = "registry+https://github.com/rust-lang/crates.io-index"
checksum = "76f64bba2c53b04fcab63c01a7d7427eadc821e3bc48c34dc9ba29c501164b52"
dependencies = [
 "byteorder",
 "crunchy",
 "hex",
 "static_assertions",
]

[[package]]
name = "unicode-ident"
version = "1.0.23"
source = "registry+https://github.com/rust-lang/crates.io-index"
checksum = "537dd038a89878be9b64dd4bd1b260315c1bb94f4d784956b81e27a088d9a09e"

[[package]]
name = "unicode-xid"
version = "0.2.6"
source = "registry+https://github.com/rust-lang/crates.io-index"
checksum = "ebc1c04c71510c7f702b52b7c350734c9ff1295c464a03335b00bb84fc54f853"

[[package]]
name = "version_check"
version = "0.9.5"
source = "registry+https://github.com/rust-lang/crates.io-index"
checksum = "0b928f33d975fc6ad9f86c8f283853ad26bdd5b10b7f1542aa2fa15e2289105a"

[[package]]
name = "winnow"
version = "0.7.14"
source = "registry+https://github.com/rust-lang/crates.io-index"
checksum = "5a5364e9d77fcdeeaa6062ced926ee3381faa2ee02d3eb83a5c27a8825540829"
dependencies = [
 "memchr",
]
